
Microsoft Visual Studio Solution File, Format Version 12.00
# Visual Studio Version 16
VisualStudioVersion = 16.0.29709.97
MinimumVisualStudioVersion = 10.0.40219.1
Project("{FAE04EC0-301F-11D3-BF4B-00C04F79EFBC}") = "JABIL", "JABIL.csproj", "{F462497A-9103-4920-A6B7-A92583EFD227}"
EndProject
Project("{FAE04EC0-301F-11D3-BF4B-00C04F79EFBC}") = "JABIL.Tests", "..\JABIL2.Tests\JABIL.Tests.csproj", "{07986F4E-DECE-4AE7-9322-99F23C094911}"
EndProject
Global
	GlobalSection(SolutionConfigurationPlatforms) = preSolution
		Debug|Any CPU = Debug|Any CPU
		Release|Any CPU = Release|Any CPU
	EndGlobalSection
	GlobalSection(ProjectConfigurationPlatforms) = postSolution
		{F462497A-9103-4920-A6B7-A92583EFD227}.Debug|Any CPU.ActiveCfg = Debug|Any CPU
		{F462497A-9103-4920-A6B7-A92583EFD227}.Debug|Any CPU.Build.0 = Debug|Any CPU
		{F462497A-9103-4920-A6B7-A92583EFD227}.Release|Any CPU.ActiveCfg = Release|Any CPU
		{F462497A-9103-4920-A6B7-A92583EFD227}.Release|Any CPU.Build.0 = Release|Any CPU
		{07986F4E-DECE-4AE7-9322-99F23C094911}.Debug|Any CPU.ActiveCfg = Debug|Any CPU
		{07986F4E-DECE-4AE7-9322-99F23C094911}.Debug|Any CPU.Build.0 = Debug|Any CPU
		{07986F4E-DECE-4AE7-9322-99F23C094911}.Release|Any CPU.ActiveCfg = Release|Any CPU
		{07986F4E-DECE-4AE7-9322-99F23C094911}.Release|Any CPU.Build.0 = Release|Any CPU
	EndGlobalSection
	GlobalSection(SolutionProperties) = preSolution
		HideSolutionNode = FALSE
	EndGlobalSection
	GlobalSection(ExtensibilityGlobals) = postSolution
		SolutionGuid = {4A24EE70-4EBC-4E85-8198-E05DBF52FF00}
	EndGlobalSection
EndGlobal
